{
  "name": "quickhttpd",
  "version": "1.0.0",
  "lockfileVersion": 2,
  "requires": true,
  "packages": {
    "": {
      "version": "1.0.0",
      "license": "CC-BY-NC-SA-4.0",
      "dependencies": {
        "quickjsonconfig": "^1.1.4"
      }
    },
    "node_modules/quickjsonconfig": {
      "version": "1.1.4",
      "resolved": "https://registry.npmjs.org/quickjsonconfig/-/quickjsonconfig-1.1.4.tgz",
      "integrity": "sha512-5r1L1T+SVsM4u/fz1MedZ7xjvKAis3jKXmJZOzCDuO3aVaRHyldo14utx3upnq/JN2F7CS+Whzq3Pmum5Pou6g=="
    }
  },
  "dependencies": {
    "quickjsonconfig": {
      "version": "1.1.4",
      "resolved": "https://registry.npmjs.org/quickjsonconfig/-/quickjsonconfig-1.1.4.tgz",
      "integrity": "sha512-5r1L1T+SVsM4u/fz1MedZ7xjvKAis3jKXmJZOzCDuO3aVaRHyldo14utx3upnq/JN2F7CS+Whzq3Pmum5Pou6g=="
    }
  }
}
